
Microsoft Visual Studio Solution File, Format Version 12.00
# Visual Studio Version 17
VisualStudioVersion = 17.0.31903.59
MinimumVisualStudioVersion = 10.0.40219.1
Project("{2150E333-8FDC-42A3-9474-1A3956D46DE8}") = "src", "src", "{827E0CD3-B72D-47B6-A68D-7590B98EB39B}"
EndProject
Project("{2150E333-8FDC-42A3-9474-1A3956D46DE8}") = "Customers", "Customers", "{FC551140-A13F-2D7F-D1FF-5092341B51A8}"
EndProject
Project("{FAE04EC0-301F-11D3-BF4B-00C04F79EFBC}") = "Customers.API", "src\Customers\Customers.API\Customers.API.csproj", "{0624E1F4-9B6D-4F65-AAD0-CF0FBBFFD609}"
EndProject
Project("{FAE04EC0-301F-11D3-BF4B-00C04F79EFBC}") = "Customers.Domain", "src\Customers\Customers.Domain\Customers.Domain.csproj", "{4160D1C0-3653-4E2F-BDAB-D0307ECF7FE4}"
EndProject
Project("{FAE04EC0-301F-11D3-BF4B-00C04F79EFBC}") = "Customers.Application", "src\Customers\Customers.Application\Customers.Application.csproj", "{889752A1-9E1A-4D9D-B33D-315DB81A1CAD}"
EndProject
Project("{FAE04EC0-301F-11D3-BF4B-00C04F79EFBC}") = "Customers.Infrastructure", "src\Customers\Customers.Infrastructure\Customers.Infrastructure.csproj", "{6F6DA305-E2A9-4098-A634-008E9F8C1ED6}"
EndProject
Project("{2150E333-8FDC-42A3-9474-1A3956D46DE8}") = "Transactions", "Transactions", "{74334237-62F5-3B36-7500-377FD6D34CC6}"
EndProject
Project("{FAE04EC0-301F-11D3-BF4B-00C04F79EFBC}") = "Transactions.API", "src\Transactions\Transactions.API\Transactions.API.csproj", "{6ADB7EDE-0582-4142-A78E-5C8A44C3498F}"
EndProject
Project("{FAE04EC0-301F-11D3-BF4B-00C04F79EFBC}") = "Transactions.Domain", "src\Transactions\Transactions.Domain\Transactions.Domain.csproj", "{830A29AE-B50D-48FB-B7E8-6019F2446F24}"
EndProject
Project("{FAE04EC0-301F-11D3-BF4B-00C04F79EFBC}") = "Transactions.Application", "src\Transactions\Transactions.Application\Transactions.Application.csproj", "{5C5AC6DF-BA32-4AB0-9CA3-E5CFF6FD9687}"
EndProject
Project("{FAE04EC0-301F-11D3-BF4B-00C04F79EFBC}") = "Transactions.Infrastructure", "src\Transactions\Transactions.Infrastructure\Transactions.Infrastructure.csproj", "{D1A5DC8A-FB60-46C1-859D-83BE6AD67946}"
EndProject
Global
	GlobalSection(SolutionConfigurationPlatforms) = preSolution
		Debug|Any CPU = Debug|Any CPU
		Debug|x64 = Debug|x64
		Debug|x86 = Debug|x86
		Release|Any CPU = Release|Any CPU
		Release|x64 = Release|x64
		Release|x86 = Release|x86
	EndGlobalSection
	GlobalSection(ProjectConfigurationPlatforms) = postSolution
		{0624E1F4-9B6D-4F65-AAD0-CF0FBBFFD609}.Debug|Any CPU.ActiveCfg = Debug|Any CPU
		{0624E1F4-9B6D-4F65-AAD0-CF0FBBFFD609}.Debug|Any CPU.Build.0 = Debug|Any CPU
		{0624E1F4-9B6D-4F65-AAD0-CF0FBBFFD609}.Debug|x64.ActiveCfg = Debug|Any CPU
		{0624E1F4-9B6D-4F65-AAD0-CF0FBBFFD609}.Debug|x64.Build.0 = Debug|Any CPU
		{0624E1F4-9B6D-4F65-AAD0-CF0FBBFFD609}.Debug|x86.ActiveCfg = Debug|Any CPU
		{0624E1F4-9B6D-4F65-AAD0-CF0FBBFFD609}.Debug|x86.Build.0 = Debug|Any CPU
		{0624E1F4-9B6D-4F65-AAD0-CF0FBBFFD609}.Release|Any CPU.ActiveCfg = Release|Any CPU
		{0624E1F4-9B6D-4F65-AAD0-CF0FBBFFD609}.Release|Any CPU.Build.0 = Release|Any CPU
		{0624E1F4-9B6D-4F65-AAD0-CF0FBBFFD609}.Release|x64.ActiveCfg = Release|Any CPU
		{0624E1F4-9B6D-4F65-AAD0-CF0FBBFFD609}.Release|x64.Build.0 = Release|Any CPU
		{0624E1F4-9B6D-4F65-AAD0-CF0FBBFFD609}.Release|x86.ActiveCfg = Release|Any CPU
		{0624E1F4-9B6D-4F65-AAD0-CF0FBBFFD609}.Release|x86.Build.0 = Release|Any CPU
		{4160D1C0-3653-4E2F-BDAB-D0307ECF7FE4}.Debug|Any CPU.ActiveCfg = Debug|Any CPU
		{4160D1C0-3653-4E2F-BDAB-D0307ECF7FE4}.Debug|Any CPU.Build.0 = Debug|Any CPU
		{4160D1C0-3653-4E2F-BDAB-D0307ECF7FE4}.Debug|x64.ActiveCfg = Debug|Any CPU
		{4160D1C0-3653-4E2F-BDAB-D0307ECF7FE4}.Debug|x64.Build.0 = Debug|Any CPU
		{4160D1C0-3653-4E2F-BDAB-D0307ECF7FE4}.Debug|x86.ActiveCfg = Debug|Any CPU
		{4160D1C0-3653-4E2F-BDAB-D0307ECF7FE4}.Debug|x86.Build.0 = Debug|Any CPU
		{4160D1C0-3653-4E2F-BDAB-D0307ECF7FE4}.Release|Any CPU.ActiveCfg = Release|Any CPU
		{4160D1C0-3653-4E2F-BDAB-D0307ECF7FE4}.Release|Any CPU.Build.0 = Release|Any CPU
		{4160D1C0-3653-4E2F-BDAB-D0307ECF7FE4}.Release|x64.ActiveCfg = Release|Any CPU
		{4160D1C0-3653-4E2F-BDAB-D0307ECF7FE4}.Release|x64.Build.0 = Release|Any CPU
		{4160D1C0-3653-4E2F-BDAB-D0307ECF7FE4}.Release|x86.ActiveCfg = Release|Any CPU
		{4160D1C0-3653-4E2F-BDAB-D0307ECF7FE4}.Release|x86.Build.0 = Release|Any CPU
		{889752A1-9E1A-4D9D-B33D-315DB81A1CAD}.Debug|Any CPU.ActiveCfg = Debug|Any CPU
		{889752A1-9E1A-4D9D-B33D-315DB81A1CAD}.Debug|Any CPU.Build.0 = Debug|Any CPU
		{889752A1-9E1A-4D9D-B33D-315DB81A1CAD}.Debug|x64.ActiveCfg = Debug|Any CPU
		{889752A1-9E1A-4D9D-B33D-315DB81A1CAD}.Debug|x64.Build.0 = Debug|Any CPU
		{889752A1-9E1A-4D9D-B33D-315DB81A1CAD}.Debug|x86.ActiveCfg = Debug|Any CPU
		{889752A1-9E1A-4D9D-B33D-315DB81A1CAD}.Debug|x86.Build.0 = Debug|Any CPU
		{889752A1-9E1A-4D9D-B33D-315DB81A1CAD}.Release|Any CPU.ActiveCfg = Release|Any CPU
		{889752A1-9E1A-4D9D-B33D-315DB81A1CAD}.Release|Any CPU.Build.0 = Release|Any CPU
		{889752A1-9E1A-4D9D-B33D-315DB81A1CAD}.Release|x64.ActiveCfg = Release|Any CPU
		{889752A1-9E1A-4D9D-B33D-315DB81A1CAD}.Release|x64.Build.0 = Release|Any CPU
		{889752A1-9E1A-4D9D-B33D-315DB81A1CAD}.Release|x86.ActiveCfg = Release|Any CPU
		{889752A1-9E1A-4D9D-B33D-315DB81A1CAD}.Release|x86.Build.0 = Release|Any CPU
		{6F6DA305-E2A9-4098-A634-008E9F8C1ED6}.Debug|Any CPU.ActiveCfg = Debug|Any CPU
		{6F6DA305-E2A9-4098-A634-008E9F8C1ED6}.Debug|Any CPU.Build.0 = Debug|Any CPU
		{6F6DA305-E2A9-4098-A634-008E9F8C1ED6}.Debug|x64.ActiveCfg = Debug|Any CPU
		{6F6DA305-E2A9-4098-A634-008E9F8C1ED6}.Debug|x64.Build.0 = Debug|Any CPU
		{6F6DA305-E2A9-4098-A634-008E9F8C1ED6}.Debug|x86.ActiveCfg = Debug|Any CPU
		{6F6DA305-E2A9-4098-A634-008E9F8C1ED6}.Debug|x86.Build.0 = Debug|Any CPU
		{6F6DA305-E2A9-4098-A634-008E9F8C1ED6}.Release|Any CPU.ActiveCfg = Release|Any CPU
		{6F6DA305-E2A9-4098-A634-008E9F8C1ED6}.Release|Any CPU.Build.0 = Release|Any CPU
		{6F6DA305-E2A9-4098-A634-008E9F8C1ED6}.Release|x64.ActiveCfg = Release|Any CPU
		{6F6DA305-E2A9-4098-A634-008E9F8C1ED6}.Release|x64.Build.0 = Release|Any CPU
		{6F6DA305-E2A9-4098-A634-008E9F8C1ED6}.Release|x86.ActiveCfg = Release|Any CPU
		{6F6DA305-E2A9-4098-A634-008E9F8C1ED6}.Release|x86.Build.0 = Release|Any CPU
		{6ADB7EDE-0582-4142-A78E-5C8A44C3498F}.Debug|Any CPU.ActiveCfg = Debug|Any CPU
		{6ADB7EDE-0582-4142-A78E-5C8A44C3498F}.Debug|Any CPU.Build.0 = Debug|Any CPU
		{6ADB7EDE-0582-4142-A78E-5C8A44C3498F}.Debug|x64.ActiveCfg = Debug|Any CPU
		{6ADB7EDE-0582-4142-A78E-5C8A44C3498F}.Debug|x64.Build.0 = Debug|Any CPU
		{6ADB7EDE-0582-4142-A78E-5C8A44C3498F}.Debug|x86.ActiveCfg = Debug|Any CPU
		{6ADB7EDE-0582-4142-A78E-5C8A44C3498F}.Debug|x86.Build.0 = Debug|Any CPU
		{6ADB7EDE-0582-4142-A78E-5C8A44C3498F}.Release|Any CPU.ActiveCfg = Release|Any CPU
		{6ADB7EDE-0582-4142-A78E-5C8A44C3498F}.Release|Any CPU.Build.0 = Release|Any CPU
		{6ADB7EDE-0582-4142-A78E-5C8A44C3498F}.Release|x64.ActiveCfg = Release|Any CPU
		{6ADB7EDE-0582-4142-A78E-5C8A44C3498F}.Release|x64.Build.0 = Release|Any CPU
		{6ADB7EDE-0582-4142-A78E-5C8A44C3498F}.Release|x86.ActiveCfg = Release|Any CPU
		{6ADB7EDE-0582-4142-A78E-5C8A44C3498F}.Release|x86.Build.0 = Release|Any CPU
		{830A29AE-B50D-48FB-B7E8-6019F2446F24}.Debug|Any CPU.ActiveCfg = Debug|Any CPU
		{830A29AE-B50D-48FB-B7E8-6019F2446F24}.Debug|Any CPU.Build.0 = Debug|Any CPU
		{830A29AE-B50D-48FB-B7E8-6019F2446F24}.Debug|x64.ActiveCfg = Debug|Any CPU
		{830A29AE-B50D-48FB-B7E8-6019F2446F24}.Debug|x64.Build.0 = Debug|Any CPU
		{830A29AE-B50D-48FB-B7E8-6019F2446F24}.Debug|x86.ActiveCfg = Debug|Any CPU
		{830A29AE-B50D-48FB-B7E8-6019F2446F24}.Debug|x86.Build.0 = Debug|Any CPU
		{830A29AE-B50D-48FB-B7E8-6019F2446F24}.Release|Any CPU.ActiveCfg = Release|Any CPU
		{830A29AE-B50D-48FB-B7E8-6019F2446F24}.Release|Any CPU.Build.0 = Release|Any CPU
		{830A29AE-B50D-48FB-B7E8-6019F2446F24}.Release|x64.ActiveCfg = Release|Any CPU
		{830A29AE-B50D-48FB-B7E8-6019F2446F24}.Release|x64.Build.0 = Release|Any CPU
		{830A29AE-B50D-48FB-B7E8-6019F2446F24}.Release|x86.ActiveCfg = Release|Any CPU
		{830A29AE-B50D-48FB-B7E8-6019F2446F24}.Release|x86.Build.0 = Release|Any CPU
		{5C5AC6DF-BA32-4AB0-9CA3-E5CFF6FD9687}.Debug|Any CPU.ActiveCfg = Debug|Any CPU
		{5C5AC6DF-BA32-4AB0-9CA3-E5CFF6FD9687}.Debug|Any CPU.Build.0 = Debug|Any CPU
		{5C5AC6DF-BA32-4AB0-9CA3-E5CFF6FD9687}.Debug|x64.ActiveCfg = Debug|Any CPU
		{5C5AC6DF-BA32-4AB0-9CA3-E5CFF6FD9687}.Debug|x64.Build.0 = Debug|Any CPU
		{5C5AC6DF-BA32-4AB0-9CA3-E5CFF6FD9687}.Debug|x86.ActiveCfg = Debug|Any CPU
		{5C5AC6DF-BA32-4AB0-9CA3-E5CFF6FD9687}.Debug|x86.Build.0 = Debug|Any CPU
		{5C5AC6DF-BA32-4AB0-9CA3-E5CFF6FD9687}.Release|Any CPU.ActiveCfg = Release|Any CPU
		{5C5AC6DF-BA32-4AB0-9CA3-E5CFF6FD9687}.Release|Any CPU.Build.0 = Release|Any CPU
		{5C5AC6DF-BA32-4AB0-9CA3-E5CFF6FD9687}.Release|x64.ActiveCfg = Release|Any CPU
		{5C5AC6DF-BA32-4AB0-9CA3-E5CFF6FD9687}.Release|x64.Build.0 = Release|Any CPU
		{5C5AC6DF-BA32-4AB0-9CA3-E5CFF6FD9687}.Release|x86.ActiveCfg = Release|Any CPU
		{5C5AC6DF-BA32-4AB0-9CA3-E5CFF6FD9687}.Release|x86.Build.0 = Release|Any CPU
		{D1A5DC8A-FB60-46C1-859D-83BE6AD67946}.Debug|Any CPU.ActiveCfg = Debug|Any CPU
		{D1A5DC8A-FB60-46C1-859D-83BE6AD67946}.Debug|Any CPU.Build.0 = Debug|Any CPU
		{D1A5DC8A-FB60-46C1-859D-83BE6AD67946}.Debug|x64.ActiveCfg = Debug|Any CPU
		{D1A5DC8A-FB60-46C1-859D-83BE6AD67946}.Debug|x64.Build.0 = Debug|Any CPU
		{D1A5DC8A-FB60-46C1-859D-83BE6AD67946}.Debug|x86.ActiveCfg = Debug|Any CPU
		{D1A5DC8A-FB60-46C1-859D-83BE6AD67946}.Debug|x86.Build.0 = Debug|Any CPU
		{D1A5DC8A-FB60-46C1-859D-83BE6AD67946}.Release|Any CPU.ActiveCfg = Release|Any CPU
		{D1A5DC8A-FB60-46C1-859D-83BE6AD67946}.Release|Any CPU.Build.0 = Release|Any CPU
		{D1A5DC8A-FB60-46C1-859D-83BE6AD67946}.Release|x64.ActiveCfg = Release|Any CPU
		{D1A5DC8A-FB60-46C1-859D-83BE6AD67946}.Release|x64.Build.0 = Release|Any CPU
		{D1A5DC8A-FB60-46C1-859D-83BE6AD67946}.Release|x86.ActiveCfg = Release|Any CPU
		{D1A5DC8A-FB60-46C1-859D-83BE6AD67946}.Release|x86.Build.0 = Release|Any CPU
	EndGlobalSection
	GlobalSection(SolutionProperties) = preSolution
		HideSolutionNode = FALSE
	EndGlobalSection
	GlobalSection(NestedProjects) = preSolution
		{FC551140-A13F-2D7F-D1FF-5092341B51A8} = {827E0CD3-B72D-47B6-A68D-7590B98EB39B}
		{0624E1F4-9B6D-4F65-AAD0-CF0FBBFFD609} = {FC551140-A13F-2D7F-D1FF-5092341B51A8}
		{4160D1C0-3653-4E2F-BDAB-D0307ECF7FE4} = {FC551140-A13F-2D7F-D1FF-5092341B51A8}
		{889752A1-9E1A-4D9D-B33D-315DB81A1CAD} = {FC551140-A13F-2D7F-D1FF-5092341B51A8}
		{6F6DA305-E2A9-4098-A634-008E9F8C1ED6} = {FC551140-A13F-2D7F-D1FF-5092341B51A8}
		{74334237-62F5-3B36-7500-377FD6D34CC6} = {827E0CD3-B72D-47B6-A68D-7590B98EB39B}
		{6ADB7EDE-0582-4142-A78E-5C8A44C3498F} = {74334237-62F5-3B36-7500-377FD6D34CC6}
		{830A29AE-B50D-48FB-B7E8-6019F2446F24} = {74334237-62F5-3B36-7500-377FD6D34CC6}
		{5C5AC6DF-BA32-4AB0-9CA3-E5CFF6FD9687} = {74334237-62F5-3B36-7500-377FD6D34CC6}
		{D1A5DC8A-FB60-46C1-859D-83BE6AD67946} = {74334237-62F5-3B36-7500-377FD6D34CC6}
	EndGlobalSection
EndGlobal
